<?xml version="1.0" encoding="utf-8"?>
<Project ToolsVersion="17.0" xmlns="http://schemas.microsoft.com/developer/msbuild/2003">
  <ItemGroup>
    <ClCompile Include="C:\Users\User\OneDrive\Рабочий стол\laba1test2\CMake1\лаба1.cpp">
      <Filter>Source Files</Filter>
    </ClCompile>
  </ItemGroup>
  <ItemGroup>
    <CustomBuild Include="C:\Users\User\OneDrive\Рабочий стол\laba1test2\CMake1\CMakeLists.txt" />
  </ItemGroup>
  <ItemGroup>
    <Filter Include="Source Files">
      <UniqueIdentifier>{CD4D4983-5601-3B54-B94C-6D09C9CB282C}</UniqueIdentifier>
    </Filter>
  </ItemGroup>
</Project>
