<?xml version="1.0" encoding="utf-8"?>
<Project ToolsVersion="17.0" xmlns="http://schemas.microsoft.com/developer/msbuild/2003">
  <ItemGroup>
    <CustomBuild Include="C:\Users\fawst\Desktop\NewRes2\CMakeFiles\19cf6b3f5cda9bacc57914071c3b4e32\generate.stamp.rule">
      <Filter>CMake Rules</Filter>
    </CustomBuild>
  </ItemGroup>
  <ItemGroup>
    <Filter Include="CMake Rules">
      <UniqueIdentifier>{27A95660-23C1-3BA6-A514-FDAC86CBE56E}</UniqueIdentifier>
    </Filter>
  </ItemGroup>
</Project>
